
Microsoft Visual Studio Solution File, Format Version 12.00
# Visual Studio Version 17
VisualStudioVersion = 17.14.36401.2 d17.14
MinimumVisualStudioVersion = 10.0.40219.1
Project("{FAE04EC0-301F-11D3-BF4B-00C04F79EFBC}") = "Rock-Paper-Scissors", "Rock-Paper-Scissors\Rock-Paper-Scissors.csproj", "{446E952D-4386-4A71-AE18-7D2C6629DC8B}"
EndProject
Global
	GlobalSection(SolutionConfigurationPlatforms) = preSolution
		Debug|Any CPU = Debug|Any CPU
		Release|Any CPU = Release|Any CPU
	EndGlobalSection
	GlobalSection(ProjectConfigurationPlatforms) = postSolution
		{446E952D-4386-4A71-AE18-7D2C6629DC8B}.Debug|Any CPU.ActiveCfg = Debug|Any CPU
		{446E952D-4386-4A71-AE18-7D2C6629DC8B}.Debug|Any CPU.Build.0 = Debug|Any CPU
		{446E952D-4386-4A71-AE18-7D2C6629DC8B}.Release|Any CPU.ActiveCfg = Release|Any CPU
		{446E952D-4386-4A71-AE18-7D2C6629DC8B}.Release|Any CPU.Build.0 = Release|Any CPU
	EndGlobalSection
	GlobalSection(SolutionProperties) = preSolution
		HideSolutionNode = FALSE
	EndGlobalSection
	GlobalSection(ExtensibilityGlobals) = postSolution
		SolutionGuid = {63C37ADC-3D40-4209-84EE-2A4FD347CDA1}
	EndGlobalSection
EndGlobal
